
Microsoft Visual Studio Solution File, Format Version 12.00
# Visual Studio Version 16
VisualStudioVersion = 16.0.28803.452
MinimumVisualStudioVersion = 10.0.40219.1
Project("{FAE04EC0-301F-11D3-BF4B-00C04F79EFBC}") = "MVCRockers", "MVCRockers\MVCRockers.csproj", "{C67A926D-98D2-4BFB-818E-43B1EA01D3BB}"
EndProject
Project("{FAE04EC0-301F-11D3-BF4B-00C04F79EFBC}") = "MVCRockers.Tests", "MVCRockers.Tests\MVCRockers.Tests.csproj", "{FC62B3E2-CEA6-48EF-BDDC-D265F43D983E}"
EndProject
Global
	GlobalSection(SolutionConfigurationPlatforms) = preSolution
		Debug|Any CPU = Debug|Any CPU
		Release|Any CPU = Release|Any CPU
	EndGlobalSection
	GlobalSection(ProjectConfigurationPlatforms) = postSolution
		{C67A926D-98D2-4BFB-818E-43B1EA01D3BB}.Debug|Any CPU.ActiveCfg = Debug|Any CPU
		{C67A926D-98D2-4BFB-818E-43B1EA01D3BB}.Debug|Any CPU.Build.0 = Debug|Any CPU
		{C67A926D-98D2-4BFB-818E-43B1EA01D3BB}.Release|Any CPU.ActiveCfg = Release|Any CPU
		{C67A926D-98D2-4BFB-818E-43B1EA01D3BB}.Release|Any CPU.Build.0 = Release|Any CPU
		{FC62B3E2-CEA6-48EF-BDDC-D265F43D983E}.Debug|Any CPU.ActiveCfg = Debug|Any CPU
		{FC62B3E2-CEA6-48EF-BDDC-D265F43D983E}.Debug|Any CPU.Build.0 = Debug|Any CPU
		{FC62B3E2-CEA6-48EF-BDDC-D265F43D983E}.Release|Any CPU.ActiveCfg = Release|Any CPU
		{FC62B3E2-CEA6-48EF-BDDC-D265F43D983E}.Release|Any CPU.Build.0 = Release|Any CPU
	EndGlobalSection
	GlobalSection(SolutionProperties) = preSolution
		HideSolutionNode = FALSE
	EndGlobalSection
	GlobalSection(ExtensibilityGlobals) = postSolution
		SolutionGuid = {D922354D-294C-4AE9-B06A-CCAD24C9DB9A}
	EndGlobalSection
EndGlobal
